
Microsoft Visual Studio Solution File, Format Version 12.00
# Visual Studio Version 17
VisualStudioVersion = 17.5.002.0
MinimumVisualStudioVersion = 10.0.40219.1
Project("{9A19103F-16F7-4668-BE54-9A1E7A4F7556}") = "Example001", "Example001\Example001.csproj", "{08C8EED9-D6B4-414D-8D8C-5825EEC06EAA}"
EndProject
Global
	GlobalSection(SolutionConfigurationPlatforms) = preSolution
		Debug|Any CPU = Debug|Any CPU
		Release|Any CPU = Release|Any CPU
	EndGlobalSection
	GlobalSection(ProjectConfigurationPlatforms) = postSolution
		{08C8EED9-D6B4-414D-8D8C-5825EEC06EAA}.Debug|Any CPU.ActiveCfg = Debug|Any CPU
		{08C8EED9-D6B4-414D-8D8C-5825EEC06EAA}.Debug|Any CPU.Build.0 = Debug|Any CPU
		{08C8EED9-D6B4-414D-8D8C-5825EEC06EAA}.Release|Any CPU.ActiveCfg = Release|Any CPU
		{08C8EED9-D6B4-414D-8D8C-5825EEC06EAA}.Release|Any CPU.Build.0 = Release|Any CPU
	EndGlobalSection
	GlobalSection(SolutionProperties) = preSolution
		HideSolutionNode = FALSE
	EndGlobalSection
	GlobalSection(ExtensibilityGlobals) = postSolution
		SolutionGuid = {75CF7491-E9EE-41A6-A412-0135DF4E7891}
	EndGlobalSection
EndGlobal
